
Microsoft Visual Studio Solution File, Format Version 12.00
# Visual Studio Version 16
VisualStudioVersion = 16.0.32126.315
MinimumVisualStudioVersion = 10.0.40219.1
Project("{9A19103F-16F7-4668-BE54-9A1E7A4F7556}") = "Vessel-Info.Web", "Vessel-Info.Web\Vessel-Info.Web.csproj", "{EB4015EC-567B-4B50-8EEA-9A74978AAF3A}"
EndProject
Project("{2150E333-8FDC-42A3-9474-1A3956D46DE8}") = "Web", "Web", "{11F98EE3-2B9A-4010-BBF8-F26F8E3310EE}"
EndProject
Project("{2150E333-8FDC-42A3-9474-1A3956D46DE8}") = "Data", "Data", "{0BCB12AB-54D2-4E64-8B3B-C52F4D898A36}"
EndProject
Project("{9A19103F-16F7-4668-BE54-9A1E7A4F7556}") = "Vessel-Info.Data", "..\..\Data\Vessel-Info.Data\Vessel-Info.Data.csproj", "{C9648BB2-5137-4F85-8452-735E4A8CDB51}"
EndProject
Project("{9A19103F-16F7-4668-BE54-9A1E7A4F7556}") = "Vessel-Info.Data.Constants", "..\..\Data\Vessel-Info.Data.Constants\Vessel-Info.Data.Constants.csproj", "{99658437-9F8C-4C1F-ABE3-7AC3C0E64192}"
EndProject
Project("{9A19103F-16F7-4668-BE54-9A1E7A4F7556}") = "Vessel-Info.Web.Infrastructure", "..\Vessel-Info.Web.Infrastructure\Vessel-Info.Web.Infrastructure.csproj", "{60680F9B-0018-4FF5-9737-FF2E84581E0C}"
EndProject
Project("{2150E333-8FDC-42A3-9474-1A3956D46DE8}") = "Services", "Services", "{CA2FC9BF-5FFC-4AB1-A546-5CF3C1AECB30}"
EndProject
Project("{9A19103F-16F7-4668-BE54-9A1E7A4F7556}") = "Vessel-Info.Services", "..\..\Services\Vessel-Info.Services\Vessel-Info.Services.csproj", "{B709A85D-10A1-4A5A-9575-0B94DB51CAD7}"
EndProject
Project("{9A19103F-16F7-4668-BE54-9A1E7A4F7556}") = "Vessel-Info.Services.Models", "..\..\Services\Vessel-Info.Services.Models\Vessel-Info.Services.Models.csproj", "{1B83BD0F-90FB-4231-B6ED-191E910CB298}"
EndProject
Project("{9A19103F-16F7-4668-BE54-9A1E7A4F7556}") = "Vessel-Info.Services.Constants", "..\..\Services\Vessel-Info.Services.Constants\Vessel-Info.Services.Constants.csproj", "{E406BB50-D6CF-498C-8A24-703AC249F6FA}"
EndProject
Project("{9A19103F-16F7-4668-BE54-9A1E7A4F7556}") = "Vessel-Info.Web.Constants", "..\Vessel-Info.Web.Constants\Vessel-Info.Web.Constants.csproj", "{C90AE9E8-E86A-4D2F-B511-27EB4170B7D5}"
EndProject
Project("{9A19103F-16F7-4668-BE54-9A1E7A4F7556}") = "Vessel-Info.Web.ViewModels", "..\Vessel-Info.Web.ViewModels\Vessel-Info.Web.ViewModels.csproj", "{B58EE370-D064-4AC3-AAB0-E487F93D8C5C}"
EndProject
Project("{9A19103F-16F7-4668-BE54-9A1E7A4F7556}") = "Vessel-Info.Services.Mapping", "..\..\Services\Vessel-Info.Services.Mapping\Vessel-Info.Services.Mapping.csproj", "{7274BD9D-B76A-45C6-ACA7-AFF1715F3E71}"
EndProject
Project("{2150E333-8FDC-42A3-9474-1A3956D46DE8}") = "Tests", "Tests", "{E6FECB0F-0E64-43F4-91F5-0F9E1B14E608}"
EndProject
Project("{FAE04EC0-301F-11D3-BF4B-00C04F79EFBC}") = "Vessel-Info.Tests", "..\..\Tests\Vessel-Info.Tests\Vessel-Info.Tests.csproj", "{9C496191-21C8-4E2B-AE9E-5923175158A9}"
EndProject
Global
	GlobalSection(SolutionConfigurationPlatforms) = preSolution
		Debug|Any CPU = Debug|Any CPU
		Release|Any CPU = Release|Any CPU
	EndGlobalSection
	GlobalSection(ProjectConfigurationPlatforms) = postSolution
		{EB4015EC-567B-4B50-8EEA-9A74978AAF3A}.Debug|Any CPU.ActiveCfg = Debug|Any CPU
		{EB4015EC-567B-4B50-8EEA-9A74978AAF3A}.Debug|Any CPU.Build.0 = Debug|Any CPU
		{EB4015EC-567B-4B50-8EEA-9A74978AAF3A}.Release|Any CPU.ActiveCfg = Release|Any CPU
		{EB4015EC-567B-4B50-8EEA-9A74978AAF3A}.Release|Any CPU.Build.0 = Release|Any CPU
		{C9648BB2-5137-4F85-8452-735E4A8CDB51}.Debug|Any CPU.ActiveCfg = Debug|Any CPU
		{C9648BB2-5137-4F85-8452-735E4A8CDB51}.Debug|Any CPU.Build.0 = Debug|Any CPU
		{C9648BB2-5137-4F85-8452-735E4A8CDB51}.Release|Any CPU.ActiveCfg = Release|Any CPU
		{C9648BB2-5137-4F85-8452-735E4A8CDB51}.Release|Any CPU.Build.0 = Release|Any CPU
		{99658437-9F8C-4C1F-ABE3-7AC3C0E64192}.Debug|Any CPU.ActiveCfg = Debug|Any CPU
		{99658437-9F8C-4C1F-ABE3-7AC3C0E64192}.Debug|Any CPU.Build.0 = Debug|Any CPU
		{99658437-9F8C-4C1F-ABE3-7AC3C0E64192}.Release|Any CPU.ActiveCfg = Release|Any CPU
		{99658437-9F8C-4C1F-ABE3-7AC3C0E64192}.Release|Any CPU.Build.0 = Release|Any CPU
		{60680F9B-0018-4FF5-9737-FF2E84581E0C}.Debug|Any CPU.ActiveCfg = Debug|Any CPU
		{60680F9B-0018-4FF5-9737-FF2E84581E0C}.Debug|Any CPU.Build.0 = Debug|Any CPU
		{60680F9B-0018-4FF5-9737-FF2E84581E0C}.Release|Any CPU.ActiveCfg = Release|Any CPU
		{60680F9B-0018-4FF5-9737-FF2E84581E0C}.Release|Any CPU.Build.0 = Release|Any CPU
		{B709A85D-10A1-4A5A-9575-0B94DB51CAD7}.Debug|Any CPU.ActiveCfg = Debug|Any CPU
		{B709A85D-10A1-4A5A-9575-0B94DB51CAD7}.Debug|Any CPU.Build.0 = Debug|Any CPU
		{B709A85D-10A1-4A5A-9575-0B94DB51CAD7}.Release|Any CPU.ActiveCfg = Release|Any CPU
		{B709A85D-10A1-4A5A-9575-0B94DB51CAD7}.Release|Any CPU.Build.0 = Release|Any CPU
		{1B83BD0F-90FB-4231-B6ED-191E910CB298}.Debug|Any CPU.ActiveCfg = Debug|Any CPU
		{1B83BD0F-90FB-4231-B6ED-191E910CB298}.Debug|Any CPU.Build.0 = Debug|Any CPU
		{1B83BD0F-90FB-4231-B6ED-191E910CB298}.Release|Any CPU.ActiveCfg = Release|Any CPU
		{1B83BD0F-90FB-4231-B6ED-191E910CB298}.Release|Any CPU.Build.0 = Release|Any CPU
		{E406BB50-D6CF-498C-8A24-703AC249F6FA}.Debug|Any CPU.ActiveCfg = Debug|Any CPU
		{E406BB50-D6CF-498C-8A24-703AC249F6FA}.Debug|Any CPU.Build.0 = Debug|Any CPU
		{E406BB50-D6CF-498C-8A24-703AC249F6FA}.Release|Any CPU.ActiveCfg = Release|Any CPU
		{E406BB50-D6CF-498C-8A24-703AC249F6FA}.Release|Any CPU.Build.0 = Release|Any CPU
		{C90AE9E8-E86A-4D2F-B511-27EB4170B7D5}.Debug|Any CPU.ActiveCfg = Debug|Any CPU
		{C90AE9E8-E86A-4D2F-B511-27EB4170B7D5}.Debug|Any CPU.Build.0 = Debug|Any CPU
		{C90AE9E8-E86A-4D2F-B511-27EB4170B7D5}.Release|Any CPU.ActiveCfg = Release|Any CPU
		{C90AE9E8-E86A-4D2F-B511-27EB4170B7D5}.Release|Any CPU.Build.0 = Release|Any CPU
		{B58EE370-D064-4AC3-AAB0-E487F93D8C5C}.Debug|Any CPU.ActiveCfg = Debug|Any CPU
		{B58EE370-D064-4AC3-AAB0-E487F93D8C5C}.Debug|Any CPU.Build.0 = Debug|Any CPU
		{B58EE370-D064-4AC3-AAB0-E487F93D8C5C}.Release|Any CPU.ActiveCfg = Release|Any CPU
		{B58EE370-D064-4AC3-AAB0-E487F93D8C5C}.Release|Any CPU.Build.0 = Release|Any CPU
		{7274BD9D-B76A-45C6-ACA7-AFF1715F3E71}.Debug|Any CPU.ActiveCfg = Debug|Any CPU
		{7274BD9D-B76A-45C6-ACA7-AFF1715F3E71}.Debug|Any CPU.Build.0 = Debug|Any CPU
		{7274BD9D-B76A-45C6-ACA7-AFF1715F3E71}.Release|Any CPU.ActiveCfg = Release|Any CPU
		{7274BD9D-B76A-45C6-ACA7-AFF1715F3E71}.Release|Any CPU.Build.0 = Release|Any CPU
		{9C496191-21C8-4E2B-AE9E-5923175158A9}.Debug|Any CPU.ActiveCfg = Debug|Any CPU
		{9C496191-21C8-4E2B-AE9E-5923175158A9}.Debug|Any CPU.Build.0 = Debug|Any CPU
		{9C496191-21C8-4E2B-AE9E-5923175158A9}.Release|Any CPU.ActiveCfg = Release|Any CPU
		{9C496191-21C8-4E2B-AE9E-5923175158A9}.Release|Any CPU.Build.0 = Release|Any CPU
	EndGlobalSection
	GlobalSection(SolutionProperties) = preSolution
		HideSolutionNode = FALSE
	EndGlobalSection
	GlobalSection(NestedProjects) = preSolution
		{EB4015EC-567B-4B50-8EEA-9A74978AAF3A} = {11F98EE3-2B9A-4010-BBF8-F26F8E3310EE}
		{C9648BB2-5137-4F85-8452-735E4A8CDB51} = {0BCB12AB-54D2-4E64-8B3B-C52F4D898A36}
		{99658437-9F8C-4C1F-ABE3-7AC3C0E64192} = {0BCB12AB-54D2-4E64-8B3B-C52F4D898A36}
		{60680F9B-0018-4FF5-9737-FF2E84581E0C} = {11F98EE3-2B9A-4010-BBF8-F26F8E3310EE}
		{B709A85D-10A1-4A5A-9575-0B94DB51CAD7} = {CA2FC9BF-5FFC-4AB1-A546-5CF3C1AECB30}
		{1B83BD0F-90FB-4231-B6ED-191E910CB298} = {CA2FC9BF-5FFC-4AB1-A546-5CF3C1AECB30}
		{E406BB50-D6CF-498C-8A24-703AC249F6FA} = {CA2FC9BF-5FFC-4AB1-A546-5CF3C1AECB30}
		{C90AE9E8-E86A-4D2F-B511-27EB4170B7D5} = {11F98EE3-2B9A-4010-BBF8-F26F8E3310EE}
		{B58EE370-D064-4AC3-AAB0-E487F93D8C5C} = {11F98EE3-2B9A-4010-BBF8-F26F8E3310EE}
		{7274BD9D-B76A-45C6-ACA7-AFF1715F3E71} = {CA2FC9BF-5FFC-4AB1-A546-5CF3C1AECB30}
		{9C496191-21C8-4E2B-AE9E-5923175158A9} = {E6FECB0F-0E64-43F4-91F5-0F9E1B14E608}
	EndGlobalSection
	GlobalSection(ExtensibilityGlobals) = postSolution
		SolutionGuid = {C1E6FBDE-9658-425C-B4F0-91D42241CBB0}
	EndGlobalSection
EndGlobal
