
Microsoft Visual Studio Solution File, Format Version 12.00
# Visual Studio Version 16
VisualStudioVersion = 16.0.32126.315
MinimumVisualStudioVersion = 10.0.40219.1
Project("{FAE04EC0-301F-11D3-BF4B-00C04F79EFBC}") = "Vessel-Info.Web", "Vessel-Info.Web\Vessel-Info.Web.csproj", "{EB4015EC-567B-4B50-8EEA-9A74978AAF3A}"
EndProject
Global
	GlobalSection(SolutionConfigurationPlatforms) = preSolution
		Debug|Any CPU = Debug|Any CPU
		Release|Any CPU = Release|Any CPU
	EndGlobalSection
	GlobalSection(ProjectConfigurationPlatforms) = postSolution
		{EB4015EC-567B-4B50-8EEA-9A74978AAF3A}.Debug|Any CPU.ActiveCfg = Debug|Any CPU
		{EB4015EC-567B-4B50-8EEA-9A74978AAF3A}.Debug|Any CPU.Build.0 = Debug|Any CPU
		{EB4015EC-567B-4B50-8EEA-9A74978AAF3A}.Release|Any CPU.ActiveCfg = Release|Any CPU
		{EB4015EC-567B-4B50-8EEA-9A74978AAF3A}.Release|Any CPU.Build.0 = Release|Any CPU
	EndGlobalSection
	GlobalSection(SolutionProperties) = preSolution
		HideSolutionNode = FALSE
	EndGlobalSection
	GlobalSection(ExtensibilityGlobals) = postSolution
		SolutionGuid = {C1E6FBDE-9658-425C-B4F0-91D42241CBB0}
	EndGlobalSection
EndGlobal
